
Microsoft Visual Studio Solution File, Format Version 12.00
# Visual Studio Version 17
VisualStudioVersion = 17.0.31903.59
MinimumVisualStudioVersion = 10.0.40219.1
Project("{FAE04EC0-301F-11D3-BF4B-00C04F79EFBC}") = "HomeWork0603.Web", "HomeWork0603.Web\HomeWork0603.Web.csproj", "{A858F332-EE27-415E-9D87-9984A91AEA1C}"
EndProject
Project("{FAE04EC0-301F-11D3-BF4B-00C04F79EFBC}") = "HomeWork0603.Data", "HomeWork0603.Data\HomeWork0603.Data.csproj", "{193327EF-59A9-4283-B82E-A189F8BB815C}"
EndProject
Global
	GlobalSection(SolutionConfigurationPlatforms) = preSolution
		Debug|Any CPU = Debug|Any CPU
		Release|Any CPU = Release|Any CPU
	EndGlobalSection
	GlobalSection(SolutionProperties) = preSolution
		HideSolutionNode = FALSE
	EndGlobalSection
	GlobalSection(ProjectConfigurationPlatforms) = postSolution
		{A858F332-EE27-415E-9D87-9984A91AEA1C}.Debug|Any CPU.ActiveCfg = Debug|Any CPU
		{A858F332-EE27-415E-9D87-9984A91AEA1C}.Debug|Any CPU.Build.0 = Debug|Any CPU
		{A858F332-EE27-415E-9D87-9984A91AEA1C}.Release|Any CPU.ActiveCfg = Release|Any CPU
		{A858F332-EE27-415E-9D87-9984A91AEA1C}.Release|Any CPU.Build.0 = Release|Any CPU
		{193327EF-59A9-4283-B82E-A189F8BB815C}.Debug|Any CPU.ActiveCfg = Debug|Any CPU
		{193327EF-59A9-4283-B82E-A189F8BB815C}.Debug|Any CPU.Build.0 = Debug|Any CPU
		{193327EF-59A9-4283-B82E-A189F8BB815C}.Release|Any CPU.ActiveCfg = Release|Any CPU
		{193327EF-59A9-4283-B82E-A189F8BB815C}.Release|Any CPU.Build.0 = Release|Any CPU
	EndGlobalSection
EndGlobal
